# This file is autogenerated, do not edit; changes may be undone by the next 'dep ensure'.


[[projects]]
  branch = "master"
  name = "github.com/VividCortex/ewma"
  packages = ["."]
  revision = "43880d236f695d39c62cf7aa4ebd4508c258e6c0"

[solve-meta]
  analyzer-name = "dep"
  analyzer-version = 1
  inputs-digest = "734a129ae81aaf599795e0d5429c3b0770be1169ce688b53d667405cef7f6935"
  solver-name = "gps-cdcl"
  solver-version = 1
